// !$*UTF8*$!
{
	archiveVersion = 1;
	classes = {
	};
	objectVersion = 56;
	objects = {

/* Begin PBXBuildFile section */
		42F904C02AED0759001318AD /* halloApp.swift in Sources */ = {isa = PBXBuildFile; fileRef = 42F904BF2AED0759001318AD /* halloApp.swift */; };
		42F904C22AED0759001318AD /* ContentView.swift in Sources */ = {isa = PBXBuildFile; fileRef = 42F904C12AED0759001318AD /* ContentView.swift */; };
		42F904C42AED075D001318AD /* Assets.xcassets in Resources */ = {isa = PBXBuildFile; fileRef = 42F904C32AED075D001318AD /* Assets.xcassets */; };
		42F904C72AED075D001318AD /* Preview Assets.xcassets in Resources */ = {isa = PBXBuildFile; fileRef = 42F904C62AED075D001318AD /* Preview Assets.xcassets */; };
		42F904D12AED075D001318AD /* halloTests.swift in Sources */ = {isa = PBXBuildFile; fileRef = 42F904D02AED075D001318AD /* halloTests.swift */; };
		42F904DB2AED075D001318AD /* halloUITests.swift in Sources */ = {isa = PBXBuildFile; fileRef = 42F904DA2AED075D001318AD /* halloUITests.swift */; };
		42F904DD2AED075D001318AD /* halloUITestsLaunchTests.swift in Sources */ = {isa = PBXBuildFile; fileRef = 42F904DC2AED075D001318AD /* halloUITestsLaunchTests.swift */; };
/* End PBXBuildFile section */

/* Begin PBXContainerItemProxy section */
		42F904CD2AED075D001318AD /* PBXContainerItemProxy */ = {
			isa = PBXContainerItemProxy;
			containerPortal = 42F904B42AED0759001318AD /* Project object */;
			proxyType = 1;
			remoteGlobalIDString = 42F904BB2AED0759001318AD;
			remoteInfo = hallo;
		};
		42F904D72AED075D001318AD /* PBXContainerItemProxy */ = {
			isa = PBXContainerItemProxy;
			containerPortal = 42F904B42AED0759001318AD /* Project object */;
			proxyType = 1;
			remoteGlobalIDString = 42F904BB2AED0759001318AD;
			remoteInfo = hallo;
		};
/* End PBXContainerItemProxy section */

/* Begin PBXFileReference section */
		42F904BC2AED0759001318AD /* hallo.app */ = {isa = PBXFileReference; explicitFileType = wrapper.application; includeInIndex = 0; path = hallo.app; sourceTree = BUILT_PRODUCTS_DIR; };
		42F904BF2AED0759001318AD /* halloApp.swift */ = {isa = PBXFileReference; lastKnownFileType = sourcecode.swift; path = halloApp.swift; sourceTree = "<group>"; };
		42F904C12AED0759001318AD /* ContentView.swift */ = {isa = PBXFileReference; lastKnownFileType = sourcecode.swift; path = ContentView.swift; sourceTree = "<group>"; };
		42F904C32AED075D001318AD /* Assets.xcassets */ = {isa = PBXFileReference; lastKnownFileType = folder.assetcatalog; path = Assets.xcassets; sourceTree = "<group>"; };
		42F904C62AED075D001318AD /* Preview Assets.xcassets */ = {isa = PBXFileReference; lastKnownFileType = folder.assetcatalog; path = "Preview Assets.xcassets"; sourceTree = "<group>"; };
		42F904CC2AED075D001318AD /* halloTests.xctest */ = {isa = PBXFileReference; explicitFileType = wrapper.cfbundle; includeInIndex = 0; path = halloTests.xctest; sourceTree = BUILT_PRODUCTS_DIR; };
		42F904D02AED075D001318AD /* halloTests.swift */ = {isa = PBXFileReference; lastKnownFileType = sourcecode.swift; path = halloTests.swift; sourceTree = "<group>"; };
		42F904D62AED075D001318AD /* halloUITests.xctest */ = {isa = PBXFileReference; explicitFileType = wrapper.cfbundle; includeInIndex = 0; path = halloUITests.xctest; sourceTree = BUILT_PRODUCTS_DIR; };
		42F904DA2AED075D001318AD /* halloUITests.swift */ = {isa = PBXFileReference; lastKnownFileType = sourcecode.swift; path = halloUITests.swift; sourceTree = "<group>"; };
		42F904DC2AED075D001318AD /* halloUITestsLaunchTests.swift */ = {isa = PBXFileReference; lastKnownFileType = sourcecode.swift; path = halloUITestsLaunchTests.swift; sourceTree = "<group>"; };
/* End PBXFileReference section */

/* Begin PBXFrameworksBuildPhase section */
		42F904B92AED0759001318AD /* Frameworks */ = {
			isa = PBXFrameworksBuildPhase;
			buildActionMask = 2147483647;
			files = (
			);
			runOnlyForDeploymentPostprocessing = 0;
		};
		42F904C92AED075D001318AD /* Frameworks */ = {
			isa = PBXFrameworksBuildPhase;
			buildActionMask = 2147483647;
			files = (
			);
			runOnlyForDeploymentPostprocessing = 0;
		};
		42F904D32AED075D001318AD /* Frameworks */ = {
			isa = PBXFrameworksBuildPhase;
			buildActionMask = 2147483647;
			files = (
			);
			runOnlyForDeploymentPostprocessing = 0;
		};
/* End PBXFrameworksBuildPhase section */

/* Begin PBXGroup section */
		42F904B32AED0759001318AD = {
			isa = PBXGroup;
			children = (
				42F904BE2AED0759001318AD /* hallo */,
				42F904CF2AED075D001318AD /* halloTests */,
				42F904D92AED075D001318AD /* halloUITests */,
				42F904BD2AED0759001318AD /* Products */,
			);
			sourceTree = "<group>";
		};
		42F904BD2AED0759001318AD /* Products */ = {
			isa = PBXGroup;
			children = (
				42F904BC2AED0759001318AD /* hallo.app */,
				42F904CC2AED075D001318AD /* halloTests.xctest */,
				42F904D62AED075D001318AD /* halloUITests.xctest */,
			);
			name = Products;
			sourceTree = "<group>";
		};
		42F904BE2AED0759001318AD /* hallo */ = {
			isa = PBXGroup;
			children = (
				42F904BF2AED0759001318AD /* halloApp.swift */,
				42F904C12AED0759001318AD /* ContentView.swift */,
				42F904C32AED075D001318AD /* Assets.xcassets */,
				42F904C52AED075D001318AD /* Preview Content */,
			);
			path = hallo;
			sourceTree = "<group>";
		};
		42F904C52AED075D001318AD /* Preview Content */ = {
			isa = PBXGroup;
			children = (
				42F904C62AED075D001318AD /* Preview Assets.xcassets */,
			);
			path = "Preview Content";
			sourceTree = "<group>";
		};
		42F904CF2AED075D001318AD /* halloTests */ = {
			isa = PBXGroup;
			children = (
				42F904D02AED075D001318AD /* halloTests.swift */,
			);
			path = halloTests;
			sourceTree = "<group>";
		};
		42F904D92AED075D001318AD /* halloUITests */ = {
			isa = PBXGroup;
			children = (
				42F904DA2AED075D001318AD /* halloUITests.swift */,
				42F904DC2AED075D001318AD /* halloUITestsLaunchTests.swift */,
			);
			path = halloUITests;
			sourceTree = "<group>";
		};
/* End PBXGroup section */

/* Begin PBXNativeTarget section */
		42F904BB2AED0759001318AD /* hallo */ = {
			isa = PBXNativeTarget;
			buildConfigurationList = 42F904E02AED075D001318AD /* Build configuration list for PBXNativeTarget "hallo" */;
			buildPhases = (
				42F904B82AED0759001318AD /* Sources */,
				42F904B92AED0759001318AD /* Frameworks */,
				42F904BA2AED0759001318AD /* Resources */,
			);
			buildRules = (
			);
			dependencies = (
			);
			name = hallo;
			productName = hallo;
			productReference = 42F904BC2AED0759001318AD /* hallo.app */;
			productType = "com.apple.product-type.application";
		};
		42F904CB2AED075D001318AD /* halloTests */ = {
			isa = PBXNativeTarget;
			buildConfigurationList = 42F904E32AED075D001318AD /* Build configuration list for PBXNativeTarget "halloTests" */;
			buildPhases = (
				42F904C82AED075D001318AD /* Sources */,
				42F904C92AED075D001318AD /* Frameworks */,
				42F904CA2AED075D001318AD /* Resources */,
			);
			buildRules = (
			);
			dependencies = (
				42F904CE2AED075D001318AD /* PBXTargetDependency */,
			);
			name = halloTests;
			productName = halloTests;
			productReference = 42F904CC2AED075D001318AD /* halloTests.xctest */;
			productType = "com.apple.product-type.bundle.unit-test";
		};
		42F904D52AED075D001318AD /* halloUITests */ = {
			isa = PBXNativeTarget;
			buildConfigurationList = 42F904E62AED075D001318AD /* Build configuration list for PBXNativeTarget "halloUITests" */;
			buildPhases = (
				42F904D22AED075D001318AD /* Sources */,
				42F904D32AED075D001318AD /* Frameworks */,
				42F904D42AED075D001318AD /* Resources */,
			);
			buildRules = (
			);
			dependencies = (
				42F904D82AED075D001318AD /* PBXTargetDependency */,
			);
			name = halloUITests;
			productName = halloUITests;
			productReference = 42F904D62AED075D001318AD /* halloUITests.xctest */;
			productType = "com.apple.product-type.bundle.ui-testing";
		};
/* End PBXNativeTarget section */

/* Begin PBXProject section */
		42F904B42AED0759001318AD /* Project object */ = {
			isa = PBXProject;
			attributes = {
				BuildIndependentTargetsInParallel = 1;
				LastSwiftUpdateCheck = 1500;
				LastUpgradeCheck = 1500;
				TargetAttributes = {
					42F904BB2AED0759001318AD = {
						CreatedOnToolsVersion = 15.0.1;
					};
					42F904CB2AED075D001318AD = {
						CreatedOnToolsVersion = 15.0.1;
						TestTargetID = 42F904BB2AED0759001318AD;
					};
					42F904D52AED075D001318AD = {
						CreatedOnToolsVersion = 15.0.1;
						TestTargetID = 42F904BB2AED0759001318AD;
					};
				};
			};
			buildConfigurationList = 42F904B72AED0759001318AD /* Build configuration list for PBXProject "hallo" */;
			compatibilityVersion = "Xcode 14.0";
			developmentRegion = en;
			hasScannedForEncodings = 0;
			knownRegions = (
				en,
				Base,
			);
			mainGroup = 42F904B32AED0759001318AD;
			productRefGroup = 42F904BD2AED0759001318AD /* Products */;
			projectDirPath = "";
			projectRoot = "";
			targets = (
				42F904BB2AED0759001318AD /* hallo */,
				42F904CB2AED075D001318AD /* halloTests */,
				42F904D52AED075D001318AD /* halloUITests */,
			);
		};
/* End PBXProject section */

/* Begin PBXResourcesBuildPhase section */
		42F904BA2AED0759001318AD /* Resources */ = {
			isa = PBXResourcesBuildPhase;
			buildActionMask = 2147483647;
			files = (
				42F904C72AED075D001318AD /* Preview Assets.xcassets in Resources */,
				42F904C42AED075D001318AD /* Assets.xcassets in Resources */,
			);
			runOnlyForDeploymentPostprocessing = 0;
		};
		42F904CA2AED075D001318AD /* Resources */ = {
			isa = PBXResourcesBuildPhase;
			buildActionMask = 2147483647;
			files = (
			);
			runOnlyForDeploymentPostprocessing = 0;
		};
		42F904D42AED075D001318AD /* Resources */ = {
			isa = PBXResourcesBuildPhase;
			buildActionMask = 2147483647;
			files = (
			);
			runOnlyForDeploymentPostprocessing = 0;
		};
/* End PBXResourcesBuildPhase section */

/* Begin PBXSourcesBuildPhase section */
		42F904B82AED0759001318AD /* Sources */ = {
			isa = PBXSourcesBuildPhase;
			buildActionMask = 2147483647;
			files = (
				42F904C22AED0759001318AD /* ContentView.swift in Sources */,
				42F904C02AED0759001318AD /* halloApp.swift in Sources */,
			);
			runOnlyForDeploymentPostprocessing = 0;
		};
		42F904C82AED075D001318AD /* Sources */ = {
			isa = PBXSourcesBuildPhase;
			buildActionMask = 2147483647;
			files = (
				42F904D12AED075D001318AD /* halloTests.swift in Sources */,
			);
			runOnlyForDeploymentPostprocessing = 0;
		};
		42F904D22AED075D001318AD /* Sources */ = {
			isa = PBXSourcesBuildPhase;
			buildActionMask = 2147483647;
			files = (
				42F904DB2AED075D001318AD /* halloUITests.swift in Sources */,
				42F904DD2AED075D001318AD /* halloUITestsLaunchTests.swift in Sources */,
			);
			runOnlyForDeploymentPostprocessing = 0;
		};
/* End PBXSourcesBuildPhase section */

/* Begin PBXTargetDependency section */
		42F904CE2AED075D001318AD /* PBXTargetDependency */ = {
			isa = PBXTargetDependency;
			target = 42F904BB2AED0759001318AD /* hallo */;
			targetProxy = 42F904CD2AED075D001318AD /* PBXContainerItemProxy */;
		};
		42F904D82AED075D001318AD /* PBXTargetDependency */ = {
			isa = PBXTargetDependency;
			target = 42F904BB2AED0759001318AD /* hallo */;
			targetProxy = 42F904D72AED075D001318AD /* PBXContainerItemProxy */;
		};
/* End PBXTargetDependency section */

/* Begin XCBuildConfiguration section */
		42F904DE2AED075D001318AD /* Debug */ = {
			isa = XCBuildConfiguration;
			buildSettings = {
				ALWAYS_SEARCH_USER_PATHS = NO;
				ASSETCATALOG_COMPILER_GENERATE_SWIFT_ASSET_SYMBOL_EXTENSIONS = YES;
				CLANG_ANALYZER_NONNULL = YES;
				CLANG_ANALYZER_NUMBER_OBJECT_CONVERSION = YES_AGGRESSIVE;
				CLANG_CXX_LANGUAGE_STANDARD = "gnu++20";
				CLANG_ENABLE_MODULES = YES;
				CLANG_ENABLE_OBJC_ARC = YES;
				CLANG_ENABLE_OBJC_WEAK = YES;
				CLANG_WARN_BLOCK_CAPTURE_AUTORELEASING = YES;
				CLANG_WARN_BOOL_CONVERSION = YES;
				CLANG_WARN_COMMA = YES;
				CLANG_WARN_CONSTANT_CONVERSION = YES;
				CLANG_WARN_DEPRECATED_OBJC_IMPLEMENTATIONS = YES;
				CLANG_WARN_DIRECT_OBJC_ISA_USAGE = YES_ERROR;
				CLANG_WARN_DOCUMENTATION_COMMENTS = YES;
				CLANG_WARN_EMPTY_BODY = YES;
				CLANG_WARN_ENUM_CONVERSION = YES;
				CLANG_WARN_INFINITE_RECURSION = YES;
				CLANG_WARN_INT_CONVERSION = YES;
				CLANG_WARN_NON_LITERAL_NULL_CONVERSION = YES;
				CLANG_WARN_OBJC_IMPLICIT_RETAIN_SELF = YES;
				CLANG_WARN_OBJC_LITERAL_CONVERSION = YES;
				CLANG_WARN_OBJC_ROOT_CLASS = YES_ERROR;
				CLANG_WARN_QUOTED_INCLUDE_IN_FRAMEWORK_HEADER = YES;
				CLANG_WARN_RANGE_LOOP_ANALYSIS = YES;
				CLANG_WARN_STRICT_PROTOTYPES = YES;
				CLANG_WARN_SUSPICIOUS_MOVE = YES;
				CLANG_WARN_UNGUARDED_AVAILABILITY = YES_AGGRESSIVE;
				CLANG_WARN_UNREACHABLE_CODE = YES;
				CLANG_WARN__DUPLICATE_METHOD_MATCH = YES;
				COPY_PHASE_STRIP = NO;
				DEBUG_INFORMATION_FORMAT = dwarf;
				ENABLE_STRICT_OBJC_MSGSEND = YES;
				ENABLE_TESTABILITY = YES;
				ENABLE_USER_SCRIPT_SANDBOXING = YES;
				GCC_C_LANGUAGE_STANDARD = gnu17;
				GCC_DYNAMIC_NO_PIC = NO;
				GCC_NO_COMMON_BLOCKS = YES;
				GCC_OPTIMIZATION_LEVEL = 0;
				GCC_PREPROCESSOR_DEFINITIONS = (
					"DEBUG=1",
					"$(inherited)",
				);
				GCC_WARN_64_TO_32_BIT_CONVERSION = YES;
				GCC_WARN_ABOUT_RETURN_TYPE = YES_ERROR;
				GCC_WARN_UNDECLARED_SELECTOR = YES;
				GCC_WARN_UNINITIALIZED_AUTOS = YES_AGGRESSIVE;
				GCC_WARN_UNUSED_FUNCTION = YES;
				GCC_WARN_UNUSED_VARIABLE = YES;
				IPHONEOS_DEPLOYMENT_TARGET = 17.0;
				LOCALIZATION_PREFERS_STRING_CATALOGS = YES;
				MTL_ENABLE_DEBUG_INFO = INCLUDE_SOURCE;
				MTL_FAST_MATH = YES;
				ONLY_ACTIVE_ARCH = YES;
				SDKROOT = iphoneos;
				SWIFT_ACTIVE_COMPILATION_CONDITIONS = "DEBUG $(inherited)";
				SWIFT_OPTIMIZATION_LEVEL = "-Onone";
			};
			name = Debug;
		};
		42F904DF2AED075D001318AD /* Release */ = {
			isa = XCBuildConfiguration;
			buildSettings = {
				ALWAYS_SEARCH_USER_PATHS = NO;
				ASSETCATALOG_COMPILER_GENERATE_SWIFT_ASSET_SYMBOL_EXTENSIONS = YES;
				CLANG_ANALYZER_NONNULL = YES;
				CLANG_ANALYZER_NUMBER_OBJECT_CONVERSION = YES_AGGRESSIVE;
				CLANG_CXX_LANGUAGE_STANDARD = "gnu++20";
				CLANG_ENABLE_MODULES = YES;
				CLANG_ENABLE_OBJC_ARC = YES;
				CLANG_ENABLE_OBJC_WEAK = YES;
				CLANG_WARN_BLOCK_CAPTURE_AUTORELEASING = YES;
				CLANG_WARN_BOOL_CONVERSION = YES;
				CLANG_WARN_COMMA = YES;
				CLANG_WARN_CONSTANT_CONVERSION = YES;
				CLANG_WARN_DEPRECATED_OBJC_IMPLEMENTATIONS = YES;
				CLANG_WARN_DIRECT_OBJC_ISA_USAGE = YES_ERROR;
				CLANG_WARN_DOCUMENTATION_COMMENTS = YES;
				CLANG_WARN_EMPTY_BODY = YES;
				CLANG_WARN_ENUM_CONVERSION = YES;
				CLANG_WARN_INFINITE_RECURSION = YES;
				CLANG_WARN_INT_CONVERSION = YES;
				CLANG_WARN_NON_LITERAL_NULL_CONVERSION = YES;
				CLANG_WARN_OBJC_IMPLICIT_RETAIN_SELF = YES;
				CLANG_WARN_OBJC_LITERAL_CONVERSION = YES;
				CLANG_WARN_OBJC_ROOT_CLASS = YES_ERROR;
				CLANG_WARN_QUOTED_INCLUDE_IN_FRAMEWORK_HEADER = YES;
				CLANG_WARN_RANGE_LOOP_ANALYSIS = YES;
				CLANG_WARN_STRICT_PROTOTYPES = YES;
				CLANG_WARN_SUSPICIOUS_MOVE = YES;
				CLANG_WARN_UNGUARDED_AVAILABILITY = YES_AGGRESSIVE;
				CLANG_WARN_UNREACHABLE_CODE = YES;
				CLANG_WARN__DUPLICATE_METHOD_MATCH = YES;
				COPY_PHASE_STRIP = NO;
				DEBUG_INFORMATION_FORMAT = "dwarf-with-dsym";
				ENABLE_NS_ASSERTIONS = NO;
				ENABLE_STRICT_OBJC_MSGSEND = YES;
				ENABLE_USER_SCRIPT_SANDBOXING = YES;
				GCC_C_LANGUAGE_STANDARD = gnu17;
				GCC_NO_COMMON_BLOCKS = YES;
				GCC_WARN_64_TO_32_BIT_CONVERSION = YES;
				GCC_WARN_ABOUT_RETURN_TYPE = YES_ERROR;
				GCC_WARN_UNDECLARED_SELECTOR = YES;
				GCC_WARN_UNINITIALIZED_AUTOS = YES_AGGRESSIVE;
				GCC_WARN_UNUSED_FUNCTION = YES;
				GCC_WARN_UNUSED_VARIABLE = YES;
				IPHONEOS_DEPLOYMENT_TARGET = 17.0;
				LOCALIZATION_PREFERS_STRING_CATALOGS = YES;
				MTL_ENABLE_DEBUG_INFO = NO;
				MTL_FAST_MATH = YES;
				SDKROOT = iphoneos;
				SWIFT_COMPILATION_MODE = wholemodule;
				VALIDATE_PRODUCT = YES;
			};
			name = Release;
		};
		42F904E12AED075D001318AD /* Debug */ = {
			isa = XCBuildConfiguration;
			buildSettings = {
				ASSETCATALOG_COMPILER_APPICON_NAME = AppIcon;
				ASSETCATALOG_COMPILER_GLOBAL_ACCENT_COLOR_NAME = AccentColor;
				CODE_SIGN_STYLE = Automatic;
				CURRENT_PROJECT_VERSION = 1;
				DEVELOPMENT_ASSET_PATHS = "\"hallo/Preview Content\"";
				DEVELOPMENT_TEAM = 9S3HTVJ27D;
				ENABLE_PREVIEWS = YES;
				GENERATE_INFOPLIST_FILE = YES;
				INFOPLIST_KEY_UIApplicationSceneManifest_Generation = YES;
				INFOPLIST_KEY_UIApplicationSupportsIndirectInputEvents = YES;
				INFOPLIST_KEY_UILaunchScreen_Generation = YES;
				INFOPLIST_KEY_UISupportedInterfaceOrientations_iPad = "UIInterfaceOrientationPortrait UIInterfaceOrientationPortraitUpsideDown UIInterfaceOrientationLandscapeLeft UIInterfaceOrientationLandscapeRight";
				INFOPLIST_KEY_UISupportedInterfaceOrientations_iPhone = "UIInterfaceOrientationPortrait UIInterfaceOrientationLandscapeLeft UIInterfaceOrientationLandscapeRight";
				LD_RUNPATH_SEARCH_PATHS = (
					"$(inherited)",
					"@executable_path/Frameworks",
				);
				MARKETING_VERSION = 1.0;
				PRODUCT_BUNDLE_IDENTIFIER = yudai.hallo;
				PRODUCT_NAME = "$(TARGET_NAME)";
				SWIFT_EMIT_LOC_STRINGS = YES;
				SWIFT_VERSION = 5.0;
				TARGETED_DEVICE_FAMILY = "1,2";
			};
			name = Debug;
		};
		42F904E22AED075D001318AD /* Release */ = {
			isa = XCBuildConfiguration;
			buildSettings = {
				ASSETCATALOG_COMPILER_APPICON_NAME = AppIcon;
				ASSETCATALOG_COMPILER_GLOBAL_ACCENT_COLOR_NAME = AccentColor;
				CODE_SIGN_STYLE = Automatic;
				CURRENT_PROJECT_VERSION = 1;
				DEVELOPMENT_ASSET_PATHS = "\"hallo/Preview Content\"";
				DEVELOPMENT_TEAM = 9S3HTVJ27D;
				ENABLE_PREVIEWS = YES;
				GENERATE_INFOPLIST_FILE = YES;
				INFOPLIST_KEY_UIApplicationSceneManifest_Generation = YES;
				INFOPLIST_KEY_UIApplicationSupportsIndirectInputEvents = YES;
				INFOPLIST_KEY_UILaunchScreen_Generation = YES;
				INFOPLIST_KEY_UISupportedInterfaceOrientations_iPad = "UIInterfaceOrientationPortrait UIInterfaceOrientationPortraitUpsideDown UIInterfaceOrientationLandscapeLeft UIInterfaceOrientationLandscapeRight";
				INFOPLIST_KEY_UISupportedInterfaceOrientations_iPhone = "UIInterfaceOrientationPortrait UIInterfaceOrientationLandscapeLeft UIInterfaceOrientationLandscapeRight";
				LD_RUNPATH_SEARCH_PATHS = (
					"$(inherited)",
					"@executable_path/Frameworks",
				);
				MARKETING_VERSION = 1.0;
				PRODUCT_BUNDLE_IDENTIFIER = yudai.hallo;
				PRODUCT_NAME = "$(TARGET_NAME)";
				SWIFT_EMIT_LOC_STRINGS = YES;
				SWIFT_VERSION = 5.0;
				TARGETED_DEVICE_FAMILY = "1,2";
			};
			name = Release;
		};
		42F904E42AED075D001318AD /* Debug */ = {
			isa = XCBuildConfiguration;
			buildSettings = {
				ALWAYS_EMBED_SWIFT_STANDARD_LIBRARIES = YES;
				BUNDLE_LOADER = "$(TEST_HOST)";
				CODE_SIGN_STYLE = Automatic;
				CURRENT_PROJECT_VERSION = 1;
				DEVELOPMENT_TEAM = 9S3HTVJ27D;
				GENERATE_INFOPLIST_FILE = YES;
				IPHONEOS_DEPLOYMENT_TARGET = 17.0;
				MARKETING_VERSION = 1.0;
				PRODUCT_BUNDLE_IDENTIFIER = yudai.halloTests;
				PRODUCT_NAME = "$(TARGET_NAME)";
				SWIFT_EMIT_LOC_STRINGS = NO;
				SWIFT_VERSION = 5.0;
				TARGETED_DEVICE_FAMILY = "1,2";
				TEST_HOST = "$(BUILT_PRODUCTS_DIR)/hallo.app/$(BUNDLE_EXECUTABLE_FOLDER_PATH)/hallo";
			};
			name = Debug;
		};
		42F904E52AED075D001318AD /* Release */ = {
			isa = XCBuildConfiguration;
			buildSettings = {
				ALWAYS_EMBED_SWIFT_STANDARD_LIBRARIES = YES;
				BUNDLE_LOADER = "$(TEST_HOST)";
				CODE_SIGN_STYLE = Automatic;
				CURRENT_PROJECT_VERSION = 1;
				DEVELOPMENT_TEAM = 9S3HTVJ27D;
				GENERATE_INFOPLIST_FILE = YES;
				IPHONEOS_DEPLOYMENT_TARGET = 17.0;
				MARKETING_VERSION = 1.0;
				PRODUCT_BUNDLE_IDENTIFIER = yudai.halloTests;
				PRODUCT_NAME = "$(TARGET_NAME)";
				SWIFT_EMIT_LOC_STRINGS = NO;
				SWIFT_VERSION = 5.0;
				TARGETED_DEVICE_FAMILY = "1,2";
				TEST_HOST = "$(BUILT_PRODUCTS_DIR)/hallo.app/$(BUNDLE_EXECUTABLE_FOLDER_PATH)/hallo";
			};
			name = Release;
		};
		42F904E72AED075D001318AD /* Debug */ = {
			isa = XCBuildConfiguration;
			buildSettings = {
				ALWAYS_EMBED_SWIFT_STANDARD_LIBRARIES = YES;
				CODE_SIGN_STYLE = Automatic;
				CURRENT_PROJECT_VERSION = 1;
				DEVELOPMENT_TEAM = 9S3HTVJ27D;
				GENERATE_INFOPLIST_FILE = YES;
				MARKETING_VERSION = 1.0;
				PRODUCT_BUNDLE_IDENTIFIER = yudai.halloUITests;
				PRODUCT_NAME = "$(TARGET_NAME)";
				SWIFT_EMIT_LOC_STRINGS = NO;
				SWIFT_VERSION = 5.0;
				TARGETED_DEVICE_FAMILY = "1,2";
				TEST_TARGET_NAME = hallo;
			};
			name = Debug;
		};
		42F904E82AED075D001318AD /* Release */ = {
			isa = XCBuildConfiguration;
			buildSettings = {
				ALWAYS_EMBED_SWIFT_STANDARD_LIBRARIES = YES;
				CODE_SIGN_STYLE = Automatic;
				CURRENT_PROJECT_VERSION = 1;
				DEVELOPMENT_TEAM = 9S3HTVJ27D;
				GENERATE_INFOPLIST_FILE = YES;
				MARKETING_VERSION = 1.0;
				PRODUCT_BUNDLE_IDENTIFIER = yudai.halloUITests;
				PRODUCT_NAME = "$(TARGET_NAME)";
				SWIFT_EMIT_LOC_STRINGS = NO;
				SWIFT_VERSION = 5.0;
				TARGETED_DEVICE_FAMILY = "1,2";
				TEST_TARGET_NAME = hallo;
			};
			name = Release;
		};
/* End XCBuildConfiguration section */

/* Begin XCConfigurationList section */
		42F904B72AED0759001318AD /* Build configuration list for PBXProject "hallo" */ = {
			isa = XCConfigurationList;
			buildConfigurations = (
				42F904DE2AED075D001318AD /* Debug */,
				42F904DF2AED075D001318AD /* Release */,
			);
			defaultConfigurationIsVisible = 0;
			defaultConfigurationName = Release;
		};
		42F904E02AED075D001318AD /* Build configuration list for PBXNativeTarget "hallo" */ = {
			isa = XCConfigurationList;
			buildConfigurations = (
				42F904E12AED075D001318AD /* Debug */,
				42F904E22AED075D001318AD /* Release */,
			);
			defaultConfigurationIsVisible = 0;
			defaultConfigurationName = Release;
		};
		42F904E32AED075D001318AD /* Build configuration list for PBXNativeTarget "halloTests" */ = {
			isa = XCConfigurationList;
			buildConfigurations = (
				42F904E42AED075D001318AD /* Debug */,
				42F904E52AED075D001318AD /* Release */,
			);
			defaultConfigurationIsVisible = 0;
			defaultConfigurationName = Release;
		};
		42F904E62AED075D001318AD /* Build configuration list for PBXNativeTarget "halloUITests" */ = {
			isa = XCConfigurationList;
			buildConfigurations = (
				42F904E72AED075D001318AD /* Debug */,
				42F904E82AED075D001318AD /* Release */,
			);
			defaultConfigurationIsVisible = 0;
			defaultConfigurationName = Release;
		};
/* End XCConfigurationList section */
	};
	rootObject = 42F904B42AED0759001318AD /* Project object */;
}
